
Microsoft Visual Studio Solution File, Format Version 12.00
# Visual Studio 15
VisualStudioVersion = 15.0.28307.1684
MinimumVisualStudioVersion = 10.0.40219.1
Project("{D2ABAB84-BF74-430A-B69E-9DC6D40DDA17}") = "HotelHeaven", "HotelHeaven\HotelHeaven.dwproj", "{79268FEE-88F3-4923-981A-874A476F6910}"
EndProject
Global
	GlobalSection(SolutionConfigurationPlatforms) = preSolution
		Development|Default = Development|Default
	EndGlobalSection
	GlobalSection(ProjectConfigurationPlatforms) = postSolution
		{79268FEE-88F3-4923-981A-874A476F6910}.Development|Default.ActiveCfg = Development
		{79268FEE-88F3-4923-981A-874A476F6910}.Development|Default.Build.0 = Development
		{79268FEE-88F3-4923-981A-874A476F6910}.Development|Default.Deploy.0 = Development
	EndGlobalSection
	GlobalSection(SolutionProperties) = preSolution
		HideSolutionNode = FALSE
	EndGlobalSection
	GlobalSection(ExtensibilityGlobals) = postSolution
		SolutionGuid = {1EA8257A-C217-4224-82A1-BE3441AC59C6}
	EndGlobalSection
EndGlobal
